// !$*UTF8*$!
{
	archiveVersion = 1;
	classes = {
	};
	objectVersion = 46;
	objects = {

/* Begin PBXBuildFile section */
		4E7A45A81ACB4E7B006D4EC2 /* Main.storyboard in Resources */ = {isa = PBXBuildFile; fileRef = 4E7A45A61ACB4E7B006D4EC2 /* Main.storyboard */; };
		4E7A45AA1ACB601A006D4EC2 /* RecordedAudio.swift in Sources */ = {isa = PBXBuildFile; fileRef = 4E7A45A91ACB601A006D4EC2 /* RecordedAudio.swift */; };
		4E7CFB411AC56F2200BEA3A9 /* movie_quote.mp3 in Resources */ = {isa = PBXBuildFile; fileRef = 4E7CFB401AC56F2200BEA3A9 /* movie_quote.mp3 */; };
		4E85F47B1AC4CFDA00A2881C /* PlaySoundsViewController.swift in Sources */ = {isa = PBXBuildFile; fileRef = 4E85F47A1AC4CFDA00A2881C /* PlaySoundsViewController.swift */; };
		4EDE4B941ABC976600E9B022 /* AppDelegate.swift in Sources */ = {isa = PBXBuildFile; fileRef = 4EDE4B931ABC976600E9B022 /* AppDelegate.swift */; };
		4EDE4B961ABC976600E9B022 /* RecordSoundsViewController.swift in Sources */ = {isa = PBXBuildFile; fileRef = 4EDE4B951ABC976600E9B022 /* RecordSoundsViewController.swift */; };
		4EDE4B9B1ABC976600E9B022 /* Images.xcassets in Resources */ = {isa = PBXBuildFile; fileRef = 4EDE4B9A1ABC976600E9B022 /* Images.xcassets */; };
		4EDE4B9E1ABC976600E9B022 /* LaunchScreen.xib in Resources */ = {isa = PBXBuildFile; fileRef = 4EDE4B9C1ABC976600E9B022 /* LaunchScreen.xib */; };
		4EDE4BAA1ABC976600E9B022 /* Perfect_PitchTests.swift in Sources */ = {isa = PBXBuildFile; fileRef = 4EDE4BA91ABC976600E9B022 /* Perfect_PitchTests.swift */; };
/* End PBXBuildFile section */

/* Begin PBXContainerItemProxy section */
		4EDE4BA41ABC976600E9B022 /* PBXContainerItemProxy */ = {
			isa = PBXContainerItemProxy;
			containerPortal = 4EDE4B861ABC976600E9B022 /* Project object */;
			proxyType = 1;
			remoteGlobalIDString = 4EDE4B8D1ABC976600E9B022;
			remoteInfo = "Perfect Pitch";
		};
/* End PBXContainerItemProxy section */

/* Begin PBXFileReference section */
		4E7A45A71ACB4E7B006D4EC2 /* Base */ = {isa = PBXFileReference; lastKnownFileType = file.storyboard; name = Base; path = Base.lproj/Main.storyboard; sourceTree = "<group>"; };
		4E7A45A91ACB601A006D4EC2 /* RecordedAudio.swift */ = {isa = PBXFileReference; fileEncoding = 4; lastKnownFileType = sourcecode.swift; path = RecordedAudio.swift; sourceTree = "<group>"; };
		4E7CFB401AC56F2200BEA3A9 /* movie_quote.mp3 */ = {isa = PBXFileReference; lastKnownFileType = audio.mp3; path = movie_quote.mp3; sourceTree = "<group>"; };
		4E85F47A1AC4CFDA00A2881C /* PlaySoundsViewController.swift */ = {isa = PBXFileReference; fileEncoding = 4; lastKnownFileType = sourcecode.swift; name = PlaySoundsViewController.swift; path = ../PlaySoundsViewController.swift; sourceTree = "<group>"; };
		4EDE4B8E1ABC976600E9B022 /* Perfect Pitch.app */ = {isa = PBXFileReference; explicitFileType = wrapper.application; includeInIndex = 0; path = "Perfect Pitch.app"; sourceTree = BUILT_PRODUCTS_DIR; };
		4EDE4B921ABC976600E9B022 /* Info.plist */ = {isa = PBXFileReference; lastKnownFileType = text.plist.xml; path = Info.plist; sourceTree = "<group>"; };
		4EDE4B931ABC976600E9B022 /* AppDelegate.swift */ = {isa = PBXFileReference; lastKnownFileType = sourcecode.swift; path = AppDelegate.swift; sourceTree = "<group>"; };
		4EDE4B951ABC976600E9B022 /* RecordSoundsViewController.swift */ = {isa = PBXFileReference; lastKnownFileType = sourcecode.swift; path = RecordSoundsViewController.swift; sourceTree = "<group>"; };
		4EDE4B9A1ABC976600E9B022 /* Images.xcassets */ = {isa = PBXFileReference; lastKnownFileType = folder.assetcatalog; path = Images.xcassets; sourceTree = "<group>"; };
		4EDE4B9D1ABC976600E9B022 /* Base */ = {isa = PBXFileReference; lastKnownFileType = file.xib; name = Base; path = Base.lproj/LaunchScreen.xib; sourceTree = "<group>"; };
		4EDE4BA31ABC976600E9B022 /* Perfect PitchTests.xctest */ = {isa = PBXFileReference; explicitFileType = wrapper.cfbundle; includeInIndex = 0; path = "Perfect PitchTests.xctest"; sourceTree = BUILT_PRODUCTS_DIR; };
		4EDE4BA81ABC976600E9B022 /* Info.plist */ = {isa = PBXFileReference; lastKnownFileType = text.plist.xml; path = Info.plist; sourceTree = "<group>"; };
		4EDE4BA91ABC976600E9B022 /* Perfect_PitchTests.swift */ = {isa = PBXFileReference; lastKnownFileType = sourcecode.swift; path = Perfect_PitchTests.swift; sourceTree = "<group>"; };
/* End PBXFileReference section */

/* Begin PBXFrameworksBuildPhase section */
		4EDE4B8B1ABC976600E9B022 /* Frameworks */ = {
			isa = PBXFrameworksBuildPhase;
			buildActionMask = 2147483647;
			files = (
			);
			runOnlyForDeploymentPostprocessing = 0;
		};
		4EDE4BA01ABC976600E9B022 /* Frameworks */ = {
			isa = PBXFrameworksBuildPhase;
			buildActionMask = 2147483647;
			files = (
			);
			runOnlyForDeploymentPostprocessing = 0;
		};
/* End PBXFrameworksBuildPhase section */

/* Begin PBXGroup section */
		4EDE4B851ABC976600E9B022 = {
			isa = PBXGroup;
			children = (
				4EDE4B901ABC976600E9B022 /* Perfect Pitch */,
				4EDE4BA61ABC976600E9B022 /* Perfect PitchTests */,
				4EDE4B8F1ABC976600E9B022 /* Products */,
			);
			sourceTree = "<group>";
		};
		4EDE4B8F1ABC976600E9B022 /* Products */ = {
			isa = PBXGroup;
			children = (
				4EDE4B8E1ABC976600E9B022 /* Perfect Pitch.app */,
				4EDE4BA31ABC976600E9B022 /* Perfect PitchTests.xctest */,
			);
			name = Products;
			sourceTree = "<group>";
		};
		4EDE4B901ABC976600E9B022 /* Perfect Pitch */ = {
			isa = PBXGroup;
			children = (
				4E85F47A1AC4CFDA00A2881C /* PlaySoundsViewController.swift */,
				4E7A45A61ACB4E7B006D4EC2 /* Main.storyboard */,
				4E7A45A91ACB601A006D4EC2 /* RecordedAudio.swift */,
				4EDE4B931ABC976600E9B022 /* AppDelegate.swift */,
				4EDE4B951ABC976600E9B022 /* RecordSoundsViewController.swift */,
				4EDE4B9A1ABC976600E9B022 /* Images.xcassets */,
				4EDE4B9C1ABC976600E9B022 /* LaunchScreen.xib */,
				4EDE4B911ABC976600E9B022 /* Supporting Files */,
			);
			path = "Perfect Pitch";
			sourceTree = "<group>";
		};
		4EDE4B911ABC976600E9B022 /* Supporting Files */ = {
			isa = PBXGroup;
			children = (
				4E7CFB401AC56F2200BEA3A9 /* movie_quote.mp3 */,
				4EDE4B921ABC976600E9B022 /* Info.plist */,
			);
			name = "Supporting Files";
			sourceTree = "<group>";
		};
		4EDE4BA61ABC976600E9B022 /* Perfect PitchTests */ = {
			isa = PBXGroup;
			children = (
				4EDE4BA91ABC976600E9B022 /* Perfect_PitchTests.swift */,
				4EDE4BA71ABC976600E9B022 /* Supporting Files */,
			);
			path = "Perfect PitchTests";
			sourceTree = "<group>";
		};
		4EDE4BA71ABC976600E9B022 /* Supporting Files */ = {
			isa = PBXGroup;
			children = (
				4EDE4BA81ABC976600E9B022 /* Info.plist */,
			);
			name = "Supporting Files";
			sourceTree = "<group>";
		};
/* End PBXGroup section */

/* Begin PBXNativeTarget section */
		4EDE4B8D1ABC976600E9B022 /* Perfect Pitch */ = {
			isa = PBXNativeTarget;
			buildConfigurationList = 4EDE4BAD1ABC976600E9B022 /* Build configuration list for PBXNativeTarget "Perfect Pitch" */;
			buildPhases = (
				4EDE4B8A1ABC976600E9B022 /* Sources */,
				4EDE4B8B1ABC976600E9B022 /* Frameworks */,
				4EDE4B8C1ABC976600E9B022 /* Resources */,
			);
			buildRules = (
			);
			dependencies = (
			);
			name = "Perfect Pitch";
			productName = "Perfect Pitch";
			productReference = 4EDE4B8E1ABC976600E9B022 /* Perfect Pitch.app */;
			productType = "com.apple.product-type.application";
		};
		4EDE4BA21ABC976600E9B022 /* Perfect PitchTests */ = {
			isa = PBXNativeTarget;
			buildConfigurationList = 4EDE4BB01ABC976600E9B022 /* Build configuration list for PBXNativeTarget "Perfect PitchTests" */;
			buildPhases = (
				4EDE4B9F1ABC976600E9B022 /* Sources */,
				4EDE4BA01ABC976600E9B022 /* Frameworks */,
				4EDE4BA11ABC976600E9B022 /* Resources */,
			);
			buildRules = (
			);
			dependencies = (
				4EDE4BA51ABC976600E9B022 /* PBXTargetDependency */,
			);
			name = "Perfect PitchTests";
			productName = "Perfect PitchTests";
			productReference = 4EDE4BA31ABC976600E9B022 /* Perfect PitchTests.xctest */;
			productType = "com.apple.product-type.bundle.unit-test";
		};
/* End PBXNativeTarget section */

/* Begin PBXProject section */
		4EDE4B861ABC976600E9B022 /* Project object */ = {
			isa = PBXProject;
			attributes = {
				LastUpgradeCheck = 0620;
				ORGANIZATIONNAME = "manjit singh";
				TargetAttributes = {
					4EDE4B8D1ABC976600E9B022 = {
						CreatedOnToolsVersion = 6.2;
					};
					4EDE4BA21ABC976600E9B022 = {
						CreatedOnToolsVersion = 6.2;
						TestTargetID = 4EDE4B8D1ABC976600E9B022;
					};
				};
			};
			buildConfigurationList = 4EDE4B891ABC976600E9B022 /* Build configuration list for PBXProject "Perfect Pitch" */;
			compatibilityVersion = "Xcode 3.2";
			developmentRegion = English;
			hasScannedForEncodings = 0;
			knownRegions = (
				en,
				Base,
			);
			mainGroup = 4EDE4B851ABC976600E9B022;
			productRefGroup = 4EDE4B8F1ABC976600E9B022 /* Products */;
			projectDirPath = "";
			projectRoot = "";
			targets = (
				4EDE4B8D1ABC976600E9B022 /* Perfect Pitch */,
				4EDE4BA21ABC976600E9B022 /* Perfect PitchTests */,
			);
		};
/* End PBXProject section */

/* Begin PBXResourcesBuildPhase section */
		4EDE4B8C1ABC976600E9B022 /* Resources */ = {
			isa = PBXResourcesBuildPhase;
			buildActionMask = 2147483647;
			files = (
				4EDE4B9E1ABC976600E9B022 /* LaunchScreen.xib in Resources */,
				4E7CFB411AC56F2200BEA3A9 /* movie_quote.mp3 in Resources */,
				4EDE4B9B1ABC976600E9B022 /* Images.xcassets in Resources */,
				4E7A45A81ACB4E7B006D4EC2 /* Main.storyboard in Resources */,
			);
			runOnlyForDeploymentPostprocessing = 0;
		};
		4EDE4BA11ABC976600E9B022 /* Resources */ = {
			isa = PBXResourcesBuildPhase;
			buildActionMask = 2147483647;
			files = (
			);
			runOnlyForDeploymentPostprocessing = 0;
		};
/* End PBXResourcesBuildPhase section */

/* Begin PBXSourcesBuildPhase section */
		4EDE4B8A1ABC976600E9B022 /* Sources */ = {
			isa = PBXSourcesBuildPhase;
			buildActionMask = 2147483647;
			files = (
				4E7A45AA1ACB601A006D4EC2 /* RecordedAudio.swift in Sources */,
				4EDE4B961ABC976600E9B022 /* RecordSoundsViewController.swift in Sources */,
				4E85F47B1AC4CFDA00A2881C /* PlaySoundsViewController.swift in Sources */,
				4EDE4B941ABC976600E9B022 /* AppDelegate.swift in Sources */,
			);
			runOnlyForDeploymentPostprocessing = 0;
		};
		4EDE4B9F1ABC976600E9B022 /* Sources */ = {
			isa = PBXSourcesBuildPhase;
			buildActionMask = 2147483647;
			files = (
				4EDE4BAA1ABC976600E9B022 /* Perfect_PitchTests.swift in Sources */,
			);
			runOnlyForDeploymentPostprocessing = 0;
		};
/* End PBXSourcesBuildPhase section */

/* Begin PBXTargetDependency section */
		4EDE4BA51ABC976600E9B022 /* PBXTargetDependency */ = {
			isa = PBXTargetDependency;
			target = 4EDE4B8D1ABC976600E9B022 /* Perfect Pitch */;
			targetProxy = 4EDE4BA41ABC976600E9B022 /* PBXContainerItemProxy */;
		};
/* End PBXTargetDependency section */

/* Begin PBXVariantGroup section */
		4E7A45A61ACB4E7B006D4EC2 /* Main.storyboard */ = {
			isa = PBXVariantGroup;
			children = (
				4E7A45A71ACB4E7B006D4EC2 /* Base */,
			);
			name = Main.storyboard;
			sourceTree = "<group>";
		};
		4EDE4B9C1ABC976600E9B022 /* LaunchScreen.xib */ = {
			isa = PBXVariantGroup;
			children = (
				4EDE4B9D1ABC976600E9B022 /* Base */,
			);
			name = LaunchScreen.xib;
			sourceTree = "<group>";
		};
/* End PBXVariantGroup section */

/* Begin XCBuildConfiguration section */
		4EDE4BAB1ABC976600E9B022 /* Debug */ = {
			isa = XCBuildConfiguration;
			buildSettings = {
				ALWAYS_SEARCH_USER_PATHS = NO;
				CLANG_CXX_LANGUAGE_STANDARD = "gnu++0x";
				CLANG_CXX_LIBRARY = "libc++";
				CLANG_ENABLE_MODULES = YES;
				CLANG_ENABLE_OBJC_ARC = YES;
				CLANG_WARN_BOOL_CONVERSION = YES;
				CLANG_WARN_CONSTANT_CONVERSION = YES;
				CLANG_WARN_DIRECT_OBJC_ISA_USAGE = YES_ERROR;
				CLANG_WARN_EMPTY_BODY = YES;
				CLANG_WARN_ENUM_CONVERSION = YES;
				CLANG_WARN_INT_CONVERSION = YES;
				CLANG_WARN_OBJC_ROOT_CLASS = YES_ERROR;
				CLANG_WARN_UNREACHABLE_CODE = YES;
				CLANG_WARN__DUPLICATE_METHOD_MATCH = YES;
				"CODE_SIGN_IDENTITY[sdk=iphoneos*]" = "iPhone Developer";
				COPY_PHASE_STRIP = NO;
				ENABLE_STRICT_OBJC_MSGSEND = YES;
				GCC_C_LANGUAGE_STANDARD = gnu99;
				GCC_DYNAMIC_NO_PIC = NO;
				GCC_OPTIMIZATION_LEVEL = 0;
				GCC_PREPROCESSOR_DEFINITIONS = (
					"DEBUG=1",
					"$(inherited)",
				);
				GCC_SYMBOLS_PRIVATE_EXTERN = NO;
				GCC_WARN_64_TO_32_BIT_CONVERSION = YES;
				GCC_WARN_ABOUT_RETURN_TYPE = YES_ERROR;
				GCC_WARN_UNDECLARED_SELECTOR = YES;
				GCC_WARN_UNINITIALIZED_AUTOS = YES_AGGRESSIVE;
				GCC_WARN_UNUSED_FUNCTION = YES;
				GCC_WARN_UNUSED_VARIABLE = YES;
				IPHONEOS_DEPLOYMENT_TARGET = 8.2;
				MTL_ENABLE_DEBUG_INFO = YES;
				ONLY_ACTIVE_ARCH = YES;
				SDKROOT = iphoneos;
				SWIFT_OPTIMIZATION_LEVEL = "-Onone";
			};
			name = Debug;
		};
		4EDE4BAC1ABC976600E9B022 /* Release */ = {
			isa = XCBuildConfiguration;
			buildSettings = {
				ALWAYS_SEARCH_USER_PATHS = NO;
				CLANG_CXX_LANGUAGE_STANDARD = "gnu++0x";
				CLANG_CXX_LIBRARY = "libc++";
				CLANG_ENABLE_MODULES = YES;
				CLANG_ENABLE_OBJC_ARC = YES;
				CLANG_WARN_BOOL_CONVERSION = YES;
				CLANG_WARN_CONSTANT_CONVERSION = YES;
				CLANG_WARN_DIRECT_OBJC_ISA_USAGE = YES_ERROR;
				CLANG_WARN_EMPTY_BODY = YES;
				CLANG_WARN_ENUM_CONVERSION = YES;
				CLANG_WARN_INT_CONVERSION = YES;
				CLANG_WARN_OBJC_ROOT_CLASS = YES_ERROR;
				CLANG_WARN_UNREACHABLE_CODE = YES;
				CLANG_WARN__DUPLICATE_METHOD_MATCH = YES;
				"CODE_SIGN_IDENTITY[sdk=iphoneos*]" = "iPhone Developer";
				COPY_PHASE_STRIP = NO;
				ENABLE_NS_ASSERTIONS = NO;
				ENABLE_STRICT_OBJC_MSGSEND = YES;
				GCC_C_LANGUAGE_STANDARD = gnu99;
				GCC_WARN_64_TO_32_BIT_CONVERSION = YES;
				GCC_WARN_ABOUT_RETURN_TYPE = YES_ERROR;
				GCC_WARN_UNDECLARED_SELECTOR = YES;
				GCC_WARN_UNINITIALIZED_AUTOS = YES_AGGRESSIVE;
				GCC_WARN_UNUSED_FUNCTION = YES;
				GCC_WARN_UNUSED_VARIABLE = YES;
				IPHONEOS_DEPLOYMENT_TARGET = 8.2;
				MTL_ENABLE_DEBUG_INFO = NO;
				SDKROOT = iphoneos;
				VALIDATE_PRODUCT = YES;
			};
			name = Release;
		};
		4EDE4BAE1ABC976600E9B022 /* Debug */ = {
			isa = XCBuildConfiguration;
			buildSettings = {
				ASSETCATALOG_COMPILER_APPICON_NAME = AppIcon;
				INFOPLIST_FILE = "Perfect Pitch/Info.plist";
				LD_RUNPATH_SEARCH_PATHS = "$(inherited) @executable_path/Frameworks";
				PRODUCT_NAME = "$(TARGET_NAME)";
			};
			name = Debug;
		};
		4EDE4BAF1ABC976600E9B022 /* Release */ = {
			isa = XCBuildConfiguration;
			buildSettings = {
				ASSETCATALOG_COMPILER_APPICON_NAME = AppIcon;
				INFOPLIST_FILE = "Perfect Pitch/Info.plist";
				LD_RUNPATH_SEARCH_PATHS = "$(inherited) @executable_path/Frameworks";
				PRODUCT_NAME = "$(TARGET_NAME)";
			};
			name = Release;
		};
		4EDE4BB11ABC976600E9B022 /* Debug */ = {
			isa = XCBuildConfiguration;
			buildSettings = {
				BUNDLE_LOADER = "$(TEST_HOST)";
				FRAMEWORK_SEARCH_PATHS = (
					"$(SDKROOT)/Developer/Library/Frameworks",
					"$(inherited)",
				);
				GCC_PREPROCESSOR_DEFINITIONS = (
					"DEBUG=1",
					"$(inherited)",
				);
				INFOPLIST_FILE = "Perfect PitchTests/Info.plist";
				LD_RUNPATH_SEARCH_PATHS = "$(inherited) @executable_path/Frameworks @loader_path/Frameworks";
				PRODUCT_NAME = "$(TARGET_NAME)";
				TEST_HOST = "$(BUILT_PRODUCTS_DIR)/Perfect Pitch.app/Perfect Pitch";
			};
			name = Debug;
		};
		4EDE4BB21ABC976600E9B022 /* Release */ = {
			isa = XCBuildConfiguration;
			buildSettings = {
				BUNDLE_LOADER = "$(TEST_HOST)";
				FRAMEWORK_SEARCH_PATHS = (
					"$(SDKROOT)/Developer/Library/Frameworks",
					"$(inherited)",
				);
				INFOPLIST_FILE = "Perfect PitchTests/Info.plist";
				LD_RUNPATH_SEARCH_PATHS = "$(inherited) @executable_path/Frameworks @loader_path/Frameworks";
				PRODUCT_NAME = "$(TARGET_NAME)";
				TEST_HOST = "$(BUILT_PRODUCTS_DIR)/Perfect Pitch.app/Perfect Pitch";
			};
			name = Release;
		};
/* End XCBuildConfiguration section */

/* Begin XCConfigurationList section */
		4EDE4B891ABC976600E9B022 /* Build configuration list for PBXProject "Perfect Pitch" */ = {
			isa = XCConfigurationList;
			buildConfigurations = (
				4EDE4BAB1ABC976600E9B022 /* Debug */,
				4EDE4BAC1ABC976600E9B022 /* Release */,
			);
			defaultConfigurationIsVisible = 0;
			defaultConfigurationName = Release;
		};
		4EDE4BAD1ABC976600E9B022 /* Build configuration list for PBXNativeTarget "Perfect Pitch" */ = {
			isa = XCConfigurationList;
			buildConfigurations = (
				4EDE4BAE1ABC976600E9B022 /* Debug */,
				4EDE4BAF1ABC976600E9B022 /* Release */,
			);
			defaultConfigurationIsVisible = 0;
			defaultConfigurationName = Release;
		};
		4EDE4BB01ABC976600E9B022 /* Build configuration list for PBXNativeTarget "Perfect PitchTests" */ = {
			isa = XCConfigurationList;
			buildConfigurations = (
				4EDE4BB11ABC976600E9B022 /* Debug */,
				4EDE4BB21ABC976600E9B022 /* Release */,
			);
			defaultConfigurationIsVisible = 0;
			defaultConfigurationName = Release;
		};
/* End XCConfigurationList section */
	};
	rootObject = 4EDE4B861ABC976600E9B022 /* Project object */;
}
